
Microsoft Visual Studio Solution File, Format Version 12.00
# Visual Studio Version 17
VisualStudioVersion = 17.0.31710.8
MinimumVisualStudioVersion = 10.0.40219.1
Project("{FAE04EC0-301F-11D3-BF4B-00C04F79EFBC}") = "AKSoftware.Blazor.Utilities", "AKSoftware.Blazor.Utilities\AKSoftware.Blazor.Utilities.csproj", "{710AC5DE-E9AF-489E-A5DB-1E0BCB5BA296}"
EndProject
Project("{FAE04EC0-301F-11D3-BF4B-00C04F79EFBC}") = "BlazorUtilitiesSample", "BlazorUtilitiesSample\BlazorUtilitiesSample.csproj", "{B6911471-D8E8-4661-A48F-D52160FA283A}"
EndProject
Project("{FAE04EC0-301F-11D3-BF4B-00C04F79EFBC}") = "BlazorUtilitiesSample.Tests", "BlazorUtilitiesSample.Tests\BlazorUtilitiesSample.Tests.csproj", "{CB03C3F0-BED8-405A-9879-4AE2BF52C969}"
EndProject
Global
	GlobalSection(SolutionConfigurationPlatforms) = preSolution
		Debug|Any CPU = Debug|Any CPU
		Release|Any CPU = Release|Any CPU
	EndGlobalSection
	GlobalSection(ProjectConfigurationPlatforms) = postSolution
		{710AC5DE-E9AF-489E-A5DB-1E0BCB5BA296}.Debug|Any CPU.ActiveCfg = Debug|Any CPU
		{710AC5DE-E9AF-489E-A5DB-1E0BCB5BA296}.Debug|Any CPU.Build.0 = Debug|Any CPU
		{710AC5DE-E9AF-489E-A5DB-1E0BCB5BA296}.Release|Any CPU.ActiveCfg = Release|Any CPU
		{710AC5DE-E9AF-489E-A5DB-1E0BCB5BA296}.Release|Any CPU.Build.0 = Release|Any CPU
		{B6911471-D8E8-4661-A48F-D52160FA283A}.Debug|Any CPU.ActiveCfg = Debug|Any CPU
		{B6911471-D8E8-4661-A48F-D52160FA283A}.Debug|Any CPU.Build.0 = Debug|Any CPU
		{B6911471-D8E8-4661-A48F-D52160FA283A}.Release|Any CPU.ActiveCfg = Release|Any CPU
		{B6911471-D8E8-4661-A48F-D52160FA283A}.Release|Any CPU.Build.0 = Release|Any CPU
		{CB03C3F0-BED8-405A-9879-4AE2BF52C969}.Debug|Any CPU.ActiveCfg = Debug|Any CPU
		{CB03C3F0-BED8-405A-9879-4AE2BF52C969}.Debug|Any CPU.Build.0 = Debug|Any CPU
		{CB03C3F0-BED8-405A-9879-4AE2BF52C969}.Release|Any CPU.ActiveCfg = Release|Any CPU
		{CB03C3F0-BED8-405A-9879-4AE2BF52C969}.Release|Any CPU.Build.0 = Release|Any CPU
	EndGlobalSection
	GlobalSection(SolutionProperties) = preSolution
		HideSolutionNode = FALSE
	EndGlobalSection
	GlobalSection(ExtensibilityGlobals) = postSolution
		SolutionGuid = {0F92AE52-0868-4AD8-BFDA-54ED97C29B5B}
	EndGlobalSection
EndGlobal
